
Microsoft Visual Studio Solution File, Format Version 12.00
Project("{FAE04EC0-301F-11D3-BF4B-00C04F79EFBC}") = "AISandbox", "AISandbox\AISandbox.csproj", "{59074E0A-973E-4572-8ED3-D13DEB7AD597}"
EndProject
Project("{2150E333-8FDC-42A3-9474-1A3956D46DE8}") = "Solution Items", "Solution Items", "{A1F47D4A-84B5-4A69-AB58-3FF78F973614}"
	ProjectSection(SolutionItems) = preProject
		compose.yaml = compose.yaml
	EndProjectSection
EndProject
Global
	GlobalSection(SolutionConfigurationPlatforms) = preSolution
		Debug|Any CPU = Debug|Any CPU
		Release|Any CPU = Release|Any CPU
	EndGlobalSection
	GlobalSection(ProjectConfigurationPlatforms) = postSolution
		{59074E0A-973E-4572-8ED3-D13DEB7AD597}.Debug|Any CPU.ActiveCfg = Debug|Any CPU
		{59074E0A-973E-4572-8ED3-D13DEB7AD597}.Debug|Any CPU.Build.0 = Debug|Any CPU
		{59074E0A-973E-4572-8ED3-D13DEB7AD597}.Release|Any CPU.ActiveCfg = Release|Any CPU
		{59074E0A-973E-4572-8ED3-D13DEB7AD597}.Release|Any CPU.Build.0 = Release|Any CPU
	EndGlobalSection
EndGlobal
